
Microsoft Visual Studio Solution File, Format Version 12.00
# Visual Studio 15
Project("{FAE04EC0-301F-11D3-BF4B-00C04F79EFBC}") = "Unity.Timeline", "Unity.Timeline.csproj", "{F7FAB748-2C7F-BEBB-E75C-AD791E6F81DE}"
EndProject
Project("{FAE04EC0-301F-11D3-BF4B-00C04F79EFBC}") = "Unity.Timeline.Editor", "Unity.Timeline.Editor.csproj", "{892E79AD-B1FB-FE35-316C-7574D6C57821}"
EndProject
Project("{FAE04EC0-301F-11D3-BF4B-00C04F79EFBC}") = "Unity.TextMeshPro.Editor", "Unity.TextMeshPro.Editor.csproj", "{742F632C-1302-E98A-8A21-4496E5911C72}"
EndProject
Project("{FAE04EC0-301F-11D3-BF4B-00C04F79EFBC}") = "Assembly-CSharp", "Assembly-CSharp.csproj", "{35223D1A-0ABA-3E00-D682-2F913F0EB5DC}"
EndProject
Project("{FAE04EC0-301F-11D3-BF4B-00C04F79EFBC}") = "Unity.PlasticSCM.Editor", "Unity.PlasticSCM.Editor.csproj", "{4E8DC671-C4A1-459B-B824-B0C546B4A2C4}"
EndProject
Project("{FAE04EC0-301F-11D3-BF4B-00C04F79EFBC}") = "Unity.2D.Aseprite.Editor", "Unity.2D.Aseprite.Editor.csproj", "{543AFFF3-30E6-7D91-ECCC-8049FF7BE6ED}"
EndProject
Project("{FAE04EC0-301F-11D3-BF4B-00C04F79EFBC}") = "Unity.VisualScripting.Flow", "Unity.VisualScripting.Flow.csproj", "{9345096D-5382-57E9-4D76-199DC65B14E4}"
EndProject
Project("{FAE04EC0-301F-11D3-BF4B-00C04F79EFBC}") = "Unity.2D.Psdimporter.Editor", "Unity.2D.Psdimporter.Editor.csproj", "{22204B16-A212-3477-2197-0FA01D5001F4}"
EndProject
Project("{FAE04EC0-301F-11D3-BF4B-00C04F79EFBC}") = "Unity.InputSystem", "Unity.InputSystem.csproj", "{1987E126-E59C-165D-2B38-1F124ED50620}"
EndProject
Project("{FAE04EC0-301F-11D3-BF4B-00C04F79EFBC}") = "Unity.VisualScripting.Core", "Unity.VisualScripting.Core.csproj", "{74C80CB8-6DA1-2BF1-E4DD-7A5D8571CDAF}"
EndProject
Project("{FAE04EC0-301F-11D3-BF4B-00C04F79EFBC}") = "Unity.Mathematics", "Unity.Mathematics.csproj", "{AB0F6CC8-AF07-BE7F-7A61-7D2EEA2BC883}"
EndProject
Project("{FAE04EC0-301F-11D3-BF4B-00C04F79EFBC}") = "Unity.2D.Common.Path.Editor", "Unity.2D.Common.Path.Editor.csproj", "{466EFF2A-4266-3208-08CD-46AF6EB6EF45}"
EndProject
Project("{FAE04EC0-301F-11D3-BF4B-00C04F79EFBC}") = "Unity.2D.Animation.Editor", "Unity.2D.Animation.Editor.csproj", "{B2305FB6-E45F-A7A6-401A-91733CFB426A}"
EndProject
Project("{FAE04EC0-301F-11D3-BF4B-00C04F79EFBC}") = "Unity.VisualScripting.Core.Editor", "Unity.VisualScripting.Core.Editor.csproj", "{4BE02535-0498-EBF1-71B7-D51CA40ECD2D}"
EndProject
Project("{FAE04EC0-301F-11D3-BF4B-00C04F79EFBC}") = "Unity.2D.IK.Runtime", "Unity.2D.IK.Runtime.csproj", "{EB8CB97D-43D2-BE88-0290-7B8DC9B4E818}"
EndProject
Project("{FAE04EC0-301F-11D3-BF4B-00C04F79EFBC}") = "Unity.VisualScripting.Flow.Editor", "Unity.VisualScripting.Flow.Editor.csproj", "{1935F5E4-4886-932A-13E0-B77442F7DD77}"
EndProject
Project("{FAE04EC0-301F-11D3-BF4B-00C04F79EFBC}") = "UnityEditor.TestRunner", "UnityEditor.TestRunner.csproj", "{3FBECC3C-6D4E-3449-E232-8042F82F4F86}"
EndProject
Project("{FAE04EC0-301F-11D3-BF4B-00C04F79EFBC}") = "Unity.VisualScripting.SettingsProvider.Editor", "Unity.VisualScripting.SettingsProvider.Editor.csproj", "{31544797-AD54-1CEE-146C-FD9B3DA47ACF}"
EndProject
Project("{FAE04EC0-301F-11D3-BF4B-00C04F79EFBC}") = "UnityEngine.TestRunner", "UnityEngine.TestRunner.csproj", "{35FEF9EF-C1C4-7AF3-F138-489C71C4860A}"
EndProject
Project("{FAE04EC0-301F-11D3-BF4B-00C04F79EFBC}") = "PsdPlugin", "PsdPlugin.csproj", "{7C8E1567-8B80-F129-5ABA-5715F9C7D3B8}"
EndProject
Project("{FAE04EC0-301F-11D3-BF4B-00C04F79EFBC}") = "Unity.Burst", "Unity.Burst.csproj", "{85980921-6577-8201-F3E2-32FF5A2EB777}"
EndProject
Project("{FAE04EC0-301F-11D3-BF4B-00C04F79EFBC}") = "Unity.2D.SpriteShape.Editor", "Unity.2D.SpriteShape.Editor.csproj", "{B32F3C58-D4C1-25C3-C549-7937F1A7DB45}"
EndProject
Project("{FAE04EC0-301F-11D3-BF4B-00C04F79EFBC}") = "Unity.Collections", "Unity.Collections.csproj", "{4AF8B55F-98E4-2CEC-C7ED-854A875D845E}"
EndProject
Project("{FAE04EC0-301F-11D3-BF4B-00C04F79EFBC}") = "Unity.VisualStudio.Editor", "Unity.VisualStudio.Editor.csproj", "{F47C0036-C839-4F07-360D-51F1AB934351}"
EndProject
Project("{FAE04EC0-301F-11D3-BF4B-00C04F79EFBC}") = "Unity.2D.Tilemap.Extras.Editor", "Unity.2D.Tilemap.Extras.Editor.csproj", "{08220F71-28C4-EC60-FBB7-AB3D44EE613A}"
EndProject
Project("{FAE04EC0-301F-11D3-BF4B-00C04F79EFBC}") = "Unity.Rider.Editor", "Unity.Rider.Editor.csproj", "{8B3C4B0A-B6B4-DD6C-7C71-6253F5709FA5}"
EndProject
Project("{FAE04EC0-301F-11D3-BF4B-00C04F79EFBC}") = "Unity.InternalAPIEditorBridge.001", "Unity.InternalAPIEditorBridge.001.csproj", "{FB4FFFB5-5457-DD7E-D44A-29DB2CC4468A}"
EndProject
Project("{FAE04EC0-301F-11D3-BF4B-00C04F79EFBC}") = "Unity.2D.SpriteShape.Runtime", "Unity.2D.SpriteShape.Runtime.csproj", "{B75B80A7-2A6E-4AAA-FF77-68B370A50BA8}"
EndProject
Project("{FAE04EC0-301F-11D3-BF4B-00C04F79EFBC}") = "Unity.CollabProxy.Editor", "Unity.CollabProxy.Editor.csproj", "{7B56C4C2-6B47-C88A-1822-EF3AD819D9C8}"
EndProject
Project("{FAE04EC0-301F-11D3-BF4B-00C04F79EFBC}") = "Unity.VisualScripting.State.Editor", "Unity.VisualScripting.State.Editor.csproj", "{38E3A281-8E8A-CFFA-2A47-501022125BB8}"
EndProject
Project("{FAE04EC0-301F-11D3-BF4B-00C04F79EFBC}") = "Unity.2D.Animation.Runtime", "Unity.2D.Animation.Runtime.csproj", "{DB662D09-A7A5-2177-3C38-95493A5AF85E}"
EndProject
Project("{FAE04EC0-301F-11D3-BF4B-00C04F79EFBC}") = "Unity.Burst.CodeGen", "Unity.Burst.CodeGen.csproj", "{6A4D25BF-E848-D45F-2F54-0192E47159DF}"
EndProject
Project("{FAE04EC0-301F-11D3-BF4B-00C04F79EFBC}") = "Unity.2D.Tilemap.Extras", "Unity.2D.Tilemap.Extras.csproj", "{0A5A5F5E-4F75-5AED-AA1F-7644B02AD15B}"
EndProject
Project("{FAE04EC0-301F-11D3-BF4B-00C04F79EFBC}") = "Unity.VisualScripting.State", "Unity.VisualScripting.State.csproj", "{45804CFE-64A7-FCFD-9AA0-40DEAC93228C}"
EndProject
Project("{FAE04EC0-301F-11D3-BF4B-00C04F79EFBC}") = "Unity.TextMeshPro", "Unity.TextMeshPro.csproj", "{805D6317-41AF-1A31-B162-9FEDF84A8D00}"
EndProject
Project("{FAE04EC0-301F-11D3-BF4B-00C04F79EFBC}") = "Unity.2D.Aseprite.Common", "Unity.2D.Aseprite.Common.csproj", "{2C93FB29-A706-7EBD-ED45-102831FD4E82}"
EndProject
Project("{FAE04EC0-301F-11D3-BF4B-00C04F79EFBC}") = "Unity.2D.IK.Editor", "Unity.2D.IK.Editor.csproj", "{44B8EDDF-3AC0-D7F7-1052-BDFED4346A32}"
EndProject
Project("{FAE04EC0-301F-11D3-BF4B-00C04F79EFBC}") = "Unity.InternalAPIEngineBridge.001", "Unity.InternalAPIEngineBridge.001.csproj", "{6CA361B3-DC01-47CC-A370-E4649BD09698}"
EndProject
Project("{FAE04EC0-301F-11D3-BF4B-00C04F79EFBC}") = "Unity.Burst.Editor", "Unity.Burst.Editor.csproj", "{F449832C-BA7B-4855-6310-19922D44C6BA}"
EndProject
Project("{FAE04EC0-301F-11D3-BF4B-00C04F79EFBC}") = "Unity.2D.Common.Editor", "Unity.2D.Common.Editor.csproj", "{5588B5AC-5E01-D880-2CB4-786B76BEE109}"
EndProject
Project("{FAE04EC0-301F-11D3-BF4B-00C04F79EFBC}") = "Unity.Sysroot.Linux_x86_64", "Unity.Sysroot.Linux_x86_64.csproj", "{99520EFE-DDEF-AD1E-5D07-FF21864040F8}"
EndProject
Project("{FAE04EC0-301F-11D3-BF4B-00C04F79EFBC}") = "Unity.2D.PixelPerfect", "Unity.2D.PixelPerfect.csproj", "{6EA3B975-AAF2-DDB6-F62E-B2B70C024635}"
EndProject
Project("{FAE04EC0-301F-11D3-BF4B-00C04F79EFBC}") = "Unity.2D.PixelPerfect.Editor", "Unity.2D.PixelPerfect.Editor.csproj", "{BA36B5CA-1D0F-3C3B-8992-DE90B4024A38}"
EndProject
Project("{FAE04EC0-301F-11D3-BF4B-00C04F79EFBC}") = "Unity.2D.Common.Runtime", "Unity.2D.Common.Runtime.csproj", "{933DA280-37EA-4A48-E0C3-19E7305D7220}"
EndProject
Project("{FAE04EC0-301F-11D3-BF4B-00C04F79EFBC}") = "Unity.InputSystem.ForUI", "Unity.InputSystem.ForUI.csproj", "{83F4C1B2-4974-9E78-662D-39FC022D1B4A}"
EndProject
Project("{FAE04EC0-301F-11D3-BF4B-00C04F79EFBC}") = "Assembly-CSharp-Editor", "Assembly-CSharp-Editor.csproj", "{86892CB5-AA99-BA73-E94B-A7D1C9B3DF2F}"
EndProject
Project("{FAE04EC0-301F-11D3-BF4B-00C04F79EFBC}") = "Unity.Mathematics.Editor", "Unity.Mathematics.Editor.csproj", "{DDFB99D2-5551-5BA3-D300-FC25FBBFF84F}"
EndProject
Project("{FAE04EC0-301F-11D3-BF4B-00C04F79EFBC}") = "Unity.SysrootPackage.Editor", "Unity.SysrootPackage.Editor.csproj", "{B49EC1F7-9F9F-A66A-7F7C-2B47FDD2C5F9}"
EndProject
Project("{FAE04EC0-301F-11D3-BF4B-00C04F79EFBC}") = "Unity.InputSystem.TestFramework", "Unity.InputSystem.TestFramework.csproj", "{487ADAA8-90C4-69A5-5D1E-AE801DB6FE63}"
EndProject
Project("{FAE04EC0-301F-11D3-BF4B-00C04F79EFBC}") = "Unity.Collections.BurstCompatibilityGen", "Unity.Collections.BurstCompatibilityGen.csproj", "{B33EC100-EC0F-DFB0-6E1F-BE7479FF5D72}"
EndProject
Project("{FAE04EC0-301F-11D3-BF4B-00C04F79EFBC}") = "Unity.VisualScripting.Shared.Editor", "Unity.VisualScripting.Shared.Editor.csproj", "{6F1BB60E-85BC-9AFD-8D39-D85938543739}"
EndProject
Project("{FAE04EC0-301F-11D3-BF4B-00C04F79EFBC}") = "Unity.Collections.DocCodeSamples", "Unity.Collections.DocCodeSamples.csproj", "{CC2E13E8-B2DF-246E-4EDC-21BFA530FB96}"
EndProject
Project("{FAE04EC0-301F-11D3-BF4B-00C04F79EFBC}") = "Unity.Toolchain.Win-x86_64-Linux-x86_64", "Unity.Toolchain.Win-x86_64-Linux-x86_64.csproj", "{F8FA3F7C-8B90-58F3-3475-99726A0CF44C}"
EndProject
Global
	GlobalSection(SolutionConfigurationPlatforms) = preSolution
		Debug|Any CPU = Debug|Any CPU
		Release|Any CPU = Release|Any CPU
	EndGlobalSection
	GlobalSection(ProjectConfigurationPlatforms) = postSolution
		{F7FAB748-2C7F-BEBB-E75C-AD791E6F81DE}.Debug|Any CPU.ActiveCfg = Debug|Any CPU
		{F7FAB748-2C7F-BEBB-E75C-AD791E6F81DE}.Debug|Any CPU.Build.0 = Debug|Any CPU
		{F7FAB748-2C7F-BEBB-E75C-AD791E6F81DE}.Release|Any CPU.ActiveCfg = Release|Any CPU
		{F7FAB748-2C7F-BEBB-E75C-AD791E6F81DE}.Release|Any CPU.Build.0 = Release|Any CPU
		{892E79AD-B1FB-FE35-316C-7574D6C57821}.Debug|Any CPU.ActiveCfg = Debug|Any CPU
		{892E79AD-B1FB-FE35-316C-7574D6C57821}.Debug|Any CPU.Build.0 = Debug|Any CPU
		{892E79AD-B1FB-FE35-316C-7574D6C57821}.Release|Any CPU.ActiveCfg = Release|Any CPU
		{892E79AD-B1FB-FE35-316C-7574D6C57821}.Release|Any CPU.Build.0 = Release|Any CPU
		{742F632C-1302-E98A-8A21-4496E5911C72}.Debug|Any CPU.ActiveCfg = Debug|Any CPU
		{742F632C-1302-E98A-8A21-4496E5911C72}.Debug|Any CPU.Build.0 = Debug|Any CPU
		{742F632C-1302-E98A-8A21-4496E5911C72}.Release|Any CPU.ActiveCfg = Release|Any CPU
		{742F632C-1302-E98A-8A21-4496E5911C72}.Release|Any CPU.Build.0 = Release|Any CPU
		{35223D1A-0ABA-3E00-D682-2F913F0EB5DC}.Debug|Any CPU.ActiveCfg = Debug|Any CPU
		{35223D1A-0ABA-3E00-D682-2F913F0EB5DC}.Debug|Any CPU.Build.0 = Debug|Any CPU
		{35223D1A-0ABA-3E00-D682-2F913F0EB5DC}.Release|Any CPU.ActiveCfg = Release|Any CPU
		{35223D1A-0ABA-3E00-D682-2F913F0EB5DC}.Release|Any CPU.Build.0 = Release|Any CPU
		{4E8DC671-C4A1-459B-B824-B0C546B4A2C4}.Debug|Any CPU.ActiveCfg = Debug|Any CPU
		{4E8DC671-C4A1-459B-B824-B0C546B4A2C4}.Debug|Any CPU.Build.0 = Debug|Any CPU
		{4E8DC671-C4A1-459B-B824-B0C546B4A2C4}.Release|Any CPU.ActiveCfg = Release|Any CPU
		{4E8DC671-C4A1-459B-B824-B0C546B4A2C4}.Release|Any CPU.Build.0 = Release|Any CPU
		{543AFFF3-30E6-7D91-ECCC-8049FF7BE6ED}.Debug|Any CPU.ActiveCfg = Debug|Any CPU
		{543AFFF3-30E6-7D91-ECCC-8049FF7BE6ED}.Debug|Any CPU.Build.0 = Debug|Any CPU
		{543AFFF3-30E6-7D91-ECCC-8049FF7BE6ED}.Release|Any CPU.ActiveCfg = Release|Any CPU
		{543AFFF3-30E6-7D91-ECCC-8049FF7BE6ED}.Release|Any CPU.Build.0 = Release|Any CPU
		{9345096D-5382-57E9-4D76-199DC65B14E4}.Debug|Any CPU.ActiveCfg = Debug|Any CPU
		{9345096D-5382-57E9-4D76-199DC65B14E4}.Debug|Any CPU.Build.0 = Debug|Any CPU
		{9345096D-5382-57E9-4D76-199DC65B14E4}.Release|Any CPU.ActiveCfg = Release|Any CPU
		{9345096D-5382-57E9-4D76-199DC65B14E4}.Release|Any CPU.Build.0 = Release|Any CPU
		{22204B16-A212-3477-2197-0FA01D5001F4}.Debug|Any CPU.ActiveCfg = Debug|Any CPU
		{22204B16-A212-3477-2197-0FA01D5001F4}.Debug|Any CPU.Build.0 = Debug|Any CPU
		{22204B16-A212-3477-2197-0FA01D5001F4}.Release|Any CPU.ActiveCfg = Release|Any CPU
		{22204B16-A212-3477-2197-0FA01D5001F4}.Release|Any CPU.Build.0 = Release|Any CPU
		{1987E126-E59C-165D-2B38-1F124ED50620}.Debug|Any CPU.ActiveCfg = Debug|Any CPU
		{1987E126-E59C-165D-2B38-1F124ED50620}.Debug|Any CPU.Build.0 = Debug|Any CPU
		{1987E126-E59C-165D-2B38-1F124ED50620}.Release|Any CPU.ActiveCfg = Release|Any CPU
		{1987E126-E59C-165D-2B38-1F124ED50620}.Release|Any CPU.Build.0 = Release|Any CPU
		{74C80CB8-6DA1-2BF1-E4DD-7A5D8571CDAF}.Debug|Any CPU.ActiveCfg = Debug|Any CPU
		{74C80CB8-6DA1-2BF1-E4DD-7A5D8571CDAF}.Debug|Any CPU.Build.0 = Debug|Any CPU
		{74C80CB8-6DA1-2BF1-E4DD-7A5D8571CDAF}.Release|Any CPU.ActiveCfg = Release|Any CPU
		{74C80CB8-6DA1-2BF1-E4DD-7A5D8571CDAF}.Release|Any CPU.Build.0 = Release|Any CPU
		{AB0F6CC8-AF07-BE7F-7A61-7D2EEA2BC883}.Debug|Any CPU.ActiveCfg = Debug|Any CPU
		{AB0F6CC8-AF07-BE7F-7A61-7D2EEA2BC883}.Debug|Any CPU.Build.0 = Debug|Any CPU
		{AB0F6CC8-AF07-BE7F-7A61-7D2EEA2BC883}.Release|Any CPU.ActiveCfg = Release|Any CPU
		{AB0F6CC8-AF07-BE7F-7A61-7D2EEA2BC883}.Release|Any CPU.Build.0 = Release|Any CPU
		{466EFF2A-4266-3208-08CD-46AF6EB6EF45}.Debug|Any CPU.ActiveCfg = Debug|Any CPU
		{466EFF2A-4266-3208-08CD-46AF6EB6EF45}.Debug|Any CPU.Build.0 = Debug|Any CPU
		{466EFF2A-4266-3208-08CD-46AF6EB6EF45}.Release|Any CPU.ActiveCfg = Release|Any CPU
		{466EFF2A-4266-3208-08CD-46AF6EB6EF45}.Release|Any CPU.Build.0 = Release|Any CPU
		{B2305FB6-E45F-A7A6-401A-91733CFB426A}.Debug|Any CPU.ActiveCfg = Debug|Any CPU
		{B2305FB6-E45F-A7A6-401A-91733CFB426A}.Debug|Any CPU.Build.0 = Debug|Any CPU
		{B2305FB6-E45F-A7A6-401A-91733CFB426A}.Release|Any CPU.ActiveCfg = Release|Any CPU
		{B2305FB6-E45F-A7A6-401A-91733CFB426A}.Release|Any CPU.Build.0 = Release|Any CPU
		{4BE02535-0498-EBF1-71B7-D51CA40ECD2D}.Debug|Any CPU.ActiveCfg = Debug|Any CPU
		{4BE02535-0498-EBF1-71B7-D51CA40ECD2D}.Debug|Any CPU.Build.0 = Debug|Any CPU
		{4BE02535-0498-EBF1-71B7-D51CA40ECD2D}.Release|Any CPU.ActiveCfg = Release|Any CPU
		{4BE02535-0498-EBF1-71B7-D51CA40ECD2D}.Release|Any CPU.Build.0 = Release|Any CPU
		{EB8CB97D-43D2-BE88-0290-7B8DC9B4E818}.Debug|Any CPU.ActiveCfg = Debug|Any CPU
		{EB8CB97D-43D2-BE88-0290-7B8DC9B4E818}.Debug|Any CPU.Build.0 = Debug|Any CPU
		{EB8CB97D-43D2-BE88-0290-7B8DC9B4E818}.Release|Any CPU.ActiveCfg = Release|Any CPU
		{EB8CB97D-43D2-BE88-0290-7B8DC9B4E818}.Release|Any CPU.Build.0 = Release|Any CPU
		{1935F5E4-4886-932A-13E0-B77442F7DD77}.Debug|Any CPU.ActiveCfg = Debug|Any CPU
		{1935F5E4-4886-932A-13E0-B77442F7DD77}.Debug|Any CPU.Build.0 = Debug|Any CPU
		{1935F5E4-4886-932A-13E0-B77442F7DD77}.Release|Any CPU.ActiveCfg = Release|Any CPU
		{1935F5E4-4886-932A-13E0-B77442F7DD77}.Release|Any CPU.Build.0 = Release|Any CPU
		{3FBECC3C-6D4E-3449-E232-8042F82F4F86}.Debug|Any CPU.ActiveCfg = Debug|Any CPU
		{3FBECC3C-6D4E-3449-E232-8042F82F4F86}.Debug|Any CPU.Build.0 = Debug|Any CPU
		{3FBECC3C-6D4E-3449-E232-8042F82F4F86}.Release|Any CPU.ActiveCfg = Release|Any CPU
		{3FBECC3C-6D4E-3449-E232-8042F82F4F86}.Release|Any CPU.Build.0 = Release|Any CPU
		{31544797-AD54-1CEE-146C-FD9B3DA47ACF}.Debug|Any CPU.ActiveCfg = Debug|Any CPU
		{31544797-AD54-1CEE-146C-FD9B3DA47ACF}.Debug|Any CPU.Build.0 = Debug|Any CPU
		{31544797-AD54-1CEE-146C-FD9B3DA47ACF}.Release|Any CPU.ActiveCfg = Release|Any CPU
		{31544797-AD54-1CEE-146C-FD9B3DA47ACF}.Release|Any CPU.Build.0 = Release|Any CPU
		{35FEF9EF-C1C4-7AF3-F138-489C71C4860A}.Debug|Any CPU.ActiveCfg = Debug|Any CPU
		{35FEF9EF-C1C4-7AF3-F138-489C71C4860A}.Debug|Any CPU.Build.0 = Debug|Any CPU
		{35FEF9EF-C1C4-7AF3-F138-489C71C4860A}.Release|Any CPU.ActiveCfg = Release|Any CPU
		{35FEF9EF-C1C4-7AF3-F138-489C71C4860A}.Release|Any CPU.Build.0 = Release|Any CPU
		{7C8E1567-8B80-F129-5ABA-5715F9C7D3B8}.Debug|Any CPU.ActiveCfg = Debug|Any CPU
		{7C8E1567-8B80-F129-5ABA-5715F9C7D3B8}.Debug|Any CPU.Build.0 = Debug|Any CPU
		{7C8E1567-8B80-F129-5ABA-5715F9C7D3B8}.Release|Any CPU.ActiveCfg = Release|Any CPU
		{7C8E1567-8B80-F129-5ABA-5715F9C7D3B8}.Release|Any CPU.Build.0 = Release|Any CPU
		{85980921-6577-8201-F3E2-32FF5A2EB777}.Debug|Any CPU.ActiveCfg = Debug|Any CPU
		{85980921-6577-8201-F3E2-32FF5A2EB777}.Debug|Any CPU.Build.0 = Debug|Any CPU
		{85980921-6577-8201-F3E2-32FF5A2EB777}.Release|Any CPU.ActiveCfg = Release|Any CPU
		{85980921-6577-8201-F3E2-32FF5A2EB777}.Release|Any CPU.Build.0 = Release|Any CPU
		{B32F3C58-D4C1-25C3-C549-7937F1A7DB45}.Debug|Any CPU.ActiveCfg = Debug|Any CPU
		{B32F3C58-D4C1-25C3-C549-7937F1A7DB45}.Debug|Any CPU.Build.0 = Debug|Any CPU
		{B32F3C58-D4C1-25C3-C549-7937F1A7DB45}.Release|Any CPU.ActiveCfg = Release|Any CPU
		{B32F3C58-D4C1-25C3-C549-7937F1A7DB45}.Release|Any CPU.Build.0 = Release|Any CPU
		{4AF8B55F-98E4-2CEC-C7ED-854A875D845E}.Debug|Any CPU.ActiveCfg = Debug|Any CPU
		{4AF8B55F-98E4-2CEC-C7ED-854A875D845E}.Debug|Any CPU.Build.0 = Debug|Any CPU
		{4AF8B55F-98E4-2CEC-C7ED-854A875D845E}.Release|Any CPU.ActiveCfg = Release|Any CPU
		{4AF8B55F-98E4-2CEC-C7ED-854A875D845E}.Release|Any CPU.Build.0 = Release|Any CPU
		{F47C0036-C839-4F07-360D-51F1AB934351}.Debug|Any CPU.ActiveCfg = Debug|Any CPU
		{F47C0036-C839-4F07-360D-51F1AB934351}.Debug|Any CPU.Build.0 = Debug|Any CPU
		{F47C0036-C839-4F07-360D-51F1AB934351}.Release|Any CPU.ActiveCfg = Release|Any CPU
		{F47C0036-C839-4F07-360D-51F1AB934351}.Release|Any CPU.Build.0 = Release|Any CPU
		{08220F71-28C4-EC60-FBB7-AB3D44EE613A}.Debug|Any CPU.ActiveCfg = Debug|Any CPU
		{08220F71-28C4-EC60-FBB7-AB3D44EE613A}.Debug|Any CPU.Build.0 = Debug|Any CPU
		{08220F71-28C4-EC60-FBB7-AB3D44EE613A}.Release|Any CPU.ActiveCfg = Release|Any CPU
		{08220F71-28C4-EC60-FBB7-AB3D44EE613A}.Release|Any CPU.Build.0 = Release|Any CPU
		{8B3C4B0A-B6B4-DD6C-7C71-6253F5709FA5}.Debug|Any CPU.ActiveCfg = Debug|Any CPU
		{8B3C4B0A-B6B4-DD6C-7C71-6253F5709FA5}.Debug|Any CPU.Build.0 = Debug|Any CPU
		{8B3C4B0A-B6B4-DD6C-7C71-6253F5709FA5}.Release|Any CPU.ActiveCfg = Release|Any CPU
		{8B3C4B0A-B6B4-DD6C-7C71-6253F5709FA5}.Release|Any CPU.Build.0 = Release|Any CPU
		{FB4FFFB5-5457-DD7E-D44A-29DB2CC4468A}.Debug|Any CPU.ActiveCfg = Debug|Any CPU
		{FB4FFFB5-5457-DD7E-D44A-29DB2CC4468A}.Debug|Any CPU.Build.0 = Debug|Any CPU
		{FB4FFFB5-5457-DD7E-D44A-29DB2CC4468A}.Release|Any CPU.ActiveCfg = Release|Any CPU
		{FB4FFFB5-5457-DD7E-D44A-29DB2CC4468A}.Release|Any CPU.Build.0 = Release|Any CPU
		{B75B80A7-2A6E-4AAA-FF77-68B370A50BA8}.Debug|Any CPU.ActiveCfg = Debug|Any CPU
		{B75B80A7-2A6E-4AAA-FF77-68B370A50BA8}.Debug|Any CPU.Build.0 = Debug|Any CPU
		{B75B80A7-2A6E-4AAA-FF77-68B370A50BA8}.Release|Any CPU.ActiveCfg = Release|Any CPU
		{B75B80A7-2A6E-4AAA-FF77-68B370A50BA8}.Release|Any CPU.Build.0 = Release|Any CPU
		{7B56C4C2-6B47-C88A-1822-EF3AD819D9C8}.Debug|Any CPU.ActiveCfg = Debug|Any CPU
		{7B56C4C2-6B47-C88A-1822-EF3AD819D9C8}.Debug|Any CPU.Build.0 = Debug|Any CPU
		{7B56C4C2-6B47-C88A-1822-EF3AD819D9C8}.Release|Any CPU.ActiveCfg = Release|Any CPU
		{7B56C4C2-6B47-C88A-1822-EF3AD819D9C8}.Release|Any CPU.Build.0 = Release|Any CPU
		{38E3A281-8E8A-CFFA-2A47-501022125BB8}.Debug|Any CPU.ActiveCfg = Debug|Any CPU
		{38E3A281-8E8A-CFFA-2A47-501022125BB8}.Debug|Any CPU.Build.0 = Debug|Any CPU
		{38E3A281-8E8A-CFFA-2A47-501022125BB8}.Release|Any CPU.ActiveCfg = Release|Any CPU
		{38E3A281-8E8A-CFFA-2A47-501022125BB8}.Release|Any CPU.Build.0 = Release|Any CPU
		{DB662D09-A7A5-2177-3C38-95493A5AF85E}.Debug|Any CPU.ActiveCfg = Debug|Any CPU
		{DB662D09-A7A5-2177-3C38-95493A5AF85E}.Debug|Any CPU.Build.0 = Debug|Any CPU
		{DB662D09-A7A5-2177-3C38-95493A5AF85E}.Release|Any CPU.ActiveCfg = Release|Any CPU
		{DB662D09-A7A5-2177-3C38-95493A5AF85E}.Release|Any CPU.Build.0 = Release|Any CPU
		{6A4D25BF-E848-D45F-2F54-0192E47159DF}.Debug|Any CPU.ActiveCfg = Debug|Any CPU
		{6A4D25BF-E848-D45F-2F54-0192E47159DF}.Debug|Any CPU.Build.0 = Debug|Any CPU
		{6A4D25BF-E848-D45F-2F54-0192E47159DF}.Release|Any CPU.ActiveCfg = Release|Any CPU
		{6A4D25BF-E848-D45F-2F54-0192E47159DF}.Release|Any CPU.Build.0 = Release|Any CPU
		{0A5A5F5E-4F75-5AED-AA1F-7644B02AD15B}.Debug|Any CPU.ActiveCfg = Debug|Any CPU
		{0A5A5F5E-4F75-5AED-AA1F-7644B02AD15B}.Debug|Any CPU.Build.0 = Debug|Any CPU
		{0A5A5F5E-4F75-5AED-AA1F-7644B02AD15B}.Release|Any CPU.ActiveCfg = Release|Any CPU
		{0A5A5F5E-4F75-5AED-AA1F-7644B02AD15B}.Release|Any CPU.Build.0 = Release|Any CPU
		{45804CFE-64A7-FCFD-9AA0-40DEAC93228C}.Debug|Any CPU.ActiveCfg = Debug|Any CPU
		{45804CFE-64A7-FCFD-9AA0-40DEAC93228C}.Debug|Any CPU.Build.0 = Debug|Any CPU
		{45804CFE-64A7-FCFD-9AA0-40DEAC93228C}.Release|Any CPU.ActiveCfg = Release|Any CPU
		{45804CFE-64A7-FCFD-9AA0-40DEAC93228C}.Release|Any CPU.Build.0 = Release|Any CPU
		{805D6317-41AF-1A31-B162-9FEDF84A8D00}.Debug|Any CPU.ActiveCfg = Debug|Any CPU
		{805D6317-41AF-1A31-B162-9FEDF84A8D00}.Debug|Any CPU.Build.0 = Debug|Any CPU
		{805D6317-41AF-1A31-B162-9FEDF84A8D00}.Release|Any CPU.ActiveCfg = Release|Any CPU
		{805D6317-41AF-1A31-B162-9FEDF84A8D00}.Release|Any CPU.Build.0 = Release|Any CPU
		{2C93FB29-A706-7EBD-ED45-102831FD4E82}.Debug|Any CPU.ActiveCfg = Debug|Any CPU
		{2C93FB29-A706-7EBD-ED45-102831FD4E82}.Debug|Any CPU.Build.0 = Debug|Any CPU
		{2C93FB29-A706-7EBD-ED45-102831FD4E82}.Release|Any CPU.ActiveCfg = Release|Any CPU
		{2C93FB29-A706-7EBD-ED45-102831FD4E82}.Release|Any CPU.Build.0 = Release|Any CPU
		{44B8EDDF-3AC0-D7F7-1052-BDFED4346A32}.Debug|Any CPU.ActiveCfg = Debug|Any CPU
		{44B8EDDF-3AC0-D7F7-1052-BDFED4346A32}.Debug|Any CPU.Build.0 = Debug|Any CPU
		{44B8EDDF-3AC0-D7F7-1052-BDFED4346A32}.Release|Any CPU.ActiveCfg = Release|Any CPU
		{44B8EDDF-3AC0-D7F7-1052-BDFED4346A32}.Release|Any CPU.Build.0 = Release|Any CPU
		{6CA361B3-DC01-47CC-A370-E4649BD09698}.Debug|Any CPU.ActiveCfg = Debug|Any CPU
		{6CA361B3-DC01-47CC-A370-E4649BD09698}.Debug|Any CPU.Build.0 = Debug|Any CPU
		{6CA361B3-DC01-47CC-A370-E4649BD09698}.Release|Any CPU.ActiveCfg = Release|Any CPU
		{6CA361B3-DC01-47CC-A370-E4649BD09698}.Release|Any CPU.Build.0 = Release|Any CPU
		{F449832C-BA7B-4855-6310-19922D44C6BA}.Debug|Any CPU.ActiveCfg = Debug|Any CPU
		{F449832C-BA7B-4855-6310-19922D44C6BA}.Debug|Any CPU.Build.0 = Debug|Any CPU
		{F449832C-BA7B-4855-6310-19922D44C6BA}.Release|Any CPU.ActiveCfg = Release|Any CPU
		{F449832C-BA7B-4855-6310-19922D44C6BA}.Release|Any CPU.Build.0 = Release|Any CPU
		{5588B5AC-5E01-D880-2CB4-786B76BEE109}.Debug|Any CPU.ActiveCfg = Debug|Any CPU
		{5588B5AC-5E01-D880-2CB4-786B76BEE109}.Debug|Any CPU.Build.0 = Debug|Any CPU
		{5588B5AC-5E01-D880-2CB4-786B76BEE109}.Release|Any CPU.ActiveCfg = Release|Any CPU
		{5588B5AC-5E01-D880-2CB4-786B76BEE109}.Release|Any CPU.Build.0 = Release|Any CPU
		{99520EFE-DDEF-AD1E-5D07-FF21864040F8}.Debug|Any CPU.ActiveCfg = Debug|Any CPU
		{99520EFE-DDEF-AD1E-5D07-FF21864040F8}.Debug|Any CPU.Build.0 = Debug|Any CPU
		{99520EFE-DDEF-AD1E-5D07-FF21864040F8}.Release|Any CPU.ActiveCfg = Release|Any CPU
		{99520EFE-DDEF-AD1E-5D07-FF21864040F8}.Release|Any CPU.Build.0 = Release|Any CPU
		{6EA3B975-AAF2-DDB6-F62E-B2B70C024635}.Debug|Any CPU.ActiveCfg = Debug|Any CPU
		{6EA3B975-AAF2-DDB6-F62E-B2B70C024635}.Debug|Any CPU.Build.0 = Debug|Any CPU
		{6EA3B975-AAF2-DDB6-F62E-B2B70C024635}.Release|Any CPU.ActiveCfg = Release|Any CPU
		{6EA3B975-AAF2-DDB6-F62E-B2B70C024635}.Release|Any CPU.Build.0 = Release|Any CPU
		{BA36B5CA-1D0F-3C3B-8992-DE90B4024A38}.Debug|Any CPU.ActiveCfg = Debug|Any CPU
		{BA36B5CA-1D0F-3C3B-8992-DE90B4024A38}.Debug|Any CPU.Build.0 = Debug|Any CPU
		{BA36B5CA-1D0F-3C3B-8992-DE90B4024A38}.Release|Any CPU.ActiveCfg = Release|Any CPU
		{BA36B5CA-1D0F-3C3B-8992-DE90B4024A38}.Release|Any CPU.Build.0 = Release|Any CPU
		{933DA280-37EA-4A48-E0C3-19E7305D7220}.Debug|Any CPU.ActiveCfg = Debug|Any CPU
		{933DA280-37EA-4A48-E0C3-19E7305D7220}.Debug|Any CPU.Build.0 = Debug|Any CPU
		{933DA280-37EA-4A48-E0C3-19E7305D7220}.Release|Any CPU.ActiveCfg = Release|Any CPU
		{933DA280-37EA-4A48-E0C3-19E7305D7220}.Release|Any CPU.Build.0 = Release|Any CPU
		{83F4C1B2-4974-9E78-662D-39FC022D1B4A}.Debug|Any CPU.ActiveCfg = Debug|Any CPU
		{83F4C1B2-4974-9E78-662D-39FC022D1B4A}.Debug|Any CPU.Build.0 = Debug|Any CPU
		{83F4C1B2-4974-9E78-662D-39FC022D1B4A}.Release|Any CPU.ActiveCfg = Release|Any CPU
		{83F4C1B2-4974-9E78-662D-39FC022D1B4A}.Release|Any CPU.Build.0 = Release|Any CPU
		{86892CB5-AA99-BA73-E94B-A7D1C9B3DF2F}.Debug|Any CPU.ActiveCfg = Debug|Any CPU
		{86892CB5-AA99-BA73-E94B-A7D1C9B3DF2F}.Debug|Any CPU.Build.0 = Debug|Any CPU
		{86892CB5-AA99-BA73-E94B-A7D1C9B3DF2F}.Release|Any CPU.ActiveCfg = Release|Any CPU
		{86892CB5-AA99-BA73-E94B-A7D1C9B3DF2F}.Release|Any CPU.Build.0 = Release|Any CPU
		{DDFB99D2-5551-5BA3-D300-FC25FBBFF84F}.Debug|Any CPU.ActiveCfg = Debug|Any CPU
		{DDFB99D2-5551-5BA3-D300-FC25FBBFF84F}.Debug|Any CPU.Build.0 = Debug|Any CPU
		{DDFB99D2-5551-5BA3-D300-FC25FBBFF84F}.Release|Any CPU.ActiveCfg = Release|Any CPU
		{DDFB99D2-5551-5BA3-D300-FC25FBBFF84F}.Release|Any CPU.Build.0 = Release|Any CPU
		{B49EC1F7-9F9F-A66A-7F7C-2B47FDD2C5F9}.Debug|Any CPU.ActiveCfg = Debug|Any CPU
		{B49EC1F7-9F9F-A66A-7F7C-2B47FDD2C5F9}.Debug|Any CPU.Build.0 = Debug|Any CPU
		{B49EC1F7-9F9F-A66A-7F7C-2B47FDD2C5F9}.Release|Any CPU.ActiveCfg = Release|Any CPU
		{B49EC1F7-9F9F-A66A-7F7C-2B47FDD2C5F9}.Release|Any CPU.Build.0 = Release|Any CPU
		{487ADAA8-90C4-69A5-5D1E-AE801DB6FE63}.Debug|Any CPU.ActiveCfg = Debug|Any CPU
		{487ADAA8-90C4-69A5-5D1E-AE801DB6FE63}.Debug|Any CPU.Build.0 = Debug|Any CPU
		{487ADAA8-90C4-69A5-5D1E-AE801DB6FE63}.Release|Any CPU.ActiveCfg = Release|Any CPU
		{487ADAA8-90C4-69A5-5D1E-AE801DB6FE63}.Release|Any CPU.Build.0 = Release|Any CPU
		{B33EC100-EC0F-DFB0-6E1F-BE7479FF5D72}.Debug|Any CPU.ActiveCfg = Debug|Any CPU
		{B33EC100-EC0F-DFB0-6E1F-BE7479FF5D72}.Debug|Any CPU.Build.0 = Debug|Any CPU
		{B33EC100-EC0F-DFB0-6E1F-BE7479FF5D72}.Release|Any CPU.ActiveCfg = Release|Any CPU
		{B33EC100-EC0F-DFB0-6E1F-BE7479FF5D72}.Release|Any CPU.Build.0 = Release|Any CPU
		{6F1BB60E-85BC-9AFD-8D39-D85938543739}.Debug|Any CPU.ActiveCfg = Debug|Any CPU
		{6F1BB60E-85BC-9AFD-8D39-D85938543739}.Debug|Any CPU.Build.0 = Debug|Any CPU
		{6F1BB60E-85BC-9AFD-8D39-D85938543739}.Release|Any CPU.ActiveCfg = Release|Any CPU
		{6F1BB60E-85BC-9AFD-8D39-D85938543739}.Release|Any CPU.Build.0 = Release|Any CPU
		{CC2E13E8-B2DF-246E-4EDC-21BFA530FB96}.Debug|Any CPU.ActiveCfg = Debug|Any CPU
		{CC2E13E8-B2DF-246E-4EDC-21BFA530FB96}.Debug|Any CPU.Build.0 = Debug|Any CPU
		{CC2E13E8-B2DF-246E-4EDC-21BFA530FB96}.Release|Any CPU.ActiveCfg = Release|Any CPU
		{CC2E13E8-B2DF-246E-4EDC-21BFA530FB96}.Release|Any CPU.Build.0 = Release|Any CPU
		{F8FA3F7C-8B90-58F3-3475-99726A0CF44C}.Debug|Any CPU.ActiveCfg = Debug|Any CPU
		{F8FA3F7C-8B90-58F3-3475-99726A0CF44C}.Debug|Any CPU.Build.0 = Debug|Any CPU
		{F8FA3F7C-8B90-58F3-3475-99726A0CF44C}.Release|Any CPU.ActiveCfg = Release|Any CPU
		{F8FA3F7C-8B90-58F3-3475-99726A0CF44C}.Release|Any CPU.Build.0 = Release|Any CPU
	EndGlobalSection
	GlobalSection(SolutionProperties) = preSolution
		HideSolutionNode = FALSE
	EndGlobalSection
EndGlobal
